
Microsoft Visual Studio Solution File, Format Version 12.00
# Visual Studio Version 17
VisualStudioVersion = 17.3.32804.467
MinimumVisualStudioVersion = 10.0.40219.1
Project("{9A19103F-16F7-4668-BE54-9A1E7A4F7556}") = "PizzaCabinInc", "PizzaCabinInc\PizzaCabinInc.csproj", "{22349DDD-7637-4441-B837-53925CC4D3D6}"
EndProject
Project("{FAE04EC0-301F-11D3-BF4B-00C04F79EFBC}") = "PizzaCabinIncTests", "PizzaCabinIncTests\PizzaCabinIncTests.csproj", "{143EA5CD-1881-4773-85A2-051497D1EB2F}"
EndProject
Global
	GlobalSection(SolutionConfigurationPlatforms) = preSolution
		Debug|Any CPU = Debug|Any CPU
		Release|Any CPU = Release|Any CPU
	EndGlobalSection
	GlobalSection(ProjectConfigurationPlatforms) = postSolution
		{22349DDD-7637-4441-B837-53925CC4D3D6}.Debug|Any CPU.ActiveCfg = Debug|Any CPU
		{22349DDD-7637-4441-B837-53925CC4D3D6}.Debug|Any CPU.Build.0 = Debug|Any CPU
		{22349DDD-7637-4441-B837-53925CC4D3D6}.Release|Any CPU.ActiveCfg = Release|Any CPU
		{22349DDD-7637-4441-B837-53925CC4D3D6}.Release|Any CPU.Build.0 = Release|Any CPU
		{143EA5CD-1881-4773-85A2-051497D1EB2F}.Debug|Any CPU.ActiveCfg = Debug|Any CPU
		{143EA5CD-1881-4773-85A2-051497D1EB2F}.Debug|Any CPU.Build.0 = Debug|Any CPU
		{143EA5CD-1881-4773-85A2-051497D1EB2F}.Release|Any CPU.ActiveCfg = Release|Any CPU
		{143EA5CD-1881-4773-85A2-051497D1EB2F}.Release|Any CPU.Build.0 = Release|Any CPU
	EndGlobalSection
	GlobalSection(SolutionProperties) = preSolution
		HideSolutionNode = FALSE
	EndGlobalSection
	GlobalSection(ExtensibilityGlobals) = postSolution
		SolutionGuid = {FBFF675E-AC34-4925-BC7D-0C1382CBD62C}
	EndGlobalSection
EndGlobal
